
Microsoft Visual Studio Solution File, Format Version 12.00
# Visual Studio Version 17
VisualStudioVersion = 17.5.002.0
MinimumVisualStudioVersion = 10.0.40219.1
Project("{9A19103F-16F7-4668-BE54-9A1E7A4F7556}") = "DotNet.Docker", "DotNet.Docker.csproj", "{C28D70D5-C10F-4DE8-BDF6-3958E7FD326D}"
EndProject
Global
	GlobalSection(SolutionConfigurationPlatforms) = preSolution
		Debug|Any CPU = Debug|Any CPU
		Release|Any CPU = Release|Any CPU
	EndGlobalSection
	GlobalSection(ProjectConfigurationPlatforms) = postSolution
		{C28D70D5-C10F-4DE8-BDF6-3958E7FD326D}.Debug|Any CPU.ActiveCfg = Debug|Any CPU
		{C28D70D5-C10F-4DE8-BDF6-3958E7FD326D}.Debug|Any CPU.Build.0 = Debug|Any CPU
		{C28D70D5-C10F-4DE8-BDF6-3958E7FD326D}.Release|Any CPU.ActiveCfg = Release|Any CPU
		{C28D70D5-C10F-4DE8-BDF6-3958E7FD326D}.Release|Any CPU.Build.0 = Release|Any CPU
	EndGlobalSection
	GlobalSection(SolutionProperties) = preSolution
		HideSolutionNode = FALSE
	EndGlobalSection
	GlobalSection(ExtensibilityGlobals) = postSolution
		SolutionGuid = {F68676B3-9CE3-4658-B11F-8374C5A1DC96}
	EndGlobalSection
EndGlobal
